// !$*UTF8*$!
{
	archiveVersion = 1;
	classes = {
	};
	objectVersion = 46;
	objects = {

/* Begin PBXBuildFile section */
		41CC25D314C1262D131BF945 /* Pods_ClassfitteriOS.framework in Frameworks */ = {isa = PBXBuildFile; fileRef = 6B38913A10513A2AC836BF1B /* Pods_ClassfitteriOS.framework */; };
		55B1083A38B0F01F54DCB844 /* Pods_ClassfitteriOSTests.framework in Frameworks */ = {isa = PBXBuildFile; fileRef = 96D1CAB2C91F9A3018A909F0 /* Pods_ClassfitteriOSTests.framework */; };
		932EFD541D74768D00A8666D /* GoogleService-Info.plist in Resources */ = {isa = PBXBuildFile; fileRef = 932EFD531D74768D00A8666D /* GoogleService-Info.plist */; };
		932EFD561D7476B400A8666D /* FirebaseServiceAccount.json in Resources */ = {isa = PBXBuildFile; fileRef = 932EFD551D7476B400A8666D /* FirebaseServiceAccount.json */; };
		93312A0C1DA4132100AC4ECC /* AVCamPreview.swift in Sources */ = {isa = PBXBuildFile; fileRef = 93312A0B1DA4132100AC4ECC /* AVCamPreview.swift */; };
		93312A0E1DA4180600AC4ECC /* CaptureController.swift in Sources */ = {isa = PBXBuildFile; fileRef = 93312A0D1DA4180600AC4ECC /* CaptureController.swift */; };
		9352F1E71D738CEE00F87716 /* WelcomeUIViewController.swift in Sources */ = {isa = PBXBuildFile; fileRef = 9352F1E61D738CEE00F87716 /* WelcomeUIViewController.swift */; };
		93C0A6BC1D78BED100A07133 /* NewUserUIViewController.swift in Sources */ = {isa = PBXBuildFile; fileRef = 93C0A6BB1D78BED100A07133 /* NewUserUIViewController.swift */; };
		C63921291D2ED1DB0025CFEB /* AppDelegate.swift in Sources */ = {isa = PBXBuildFile; fileRef = C63921281D2ED1DB0025CFEB /* AppDelegate.swift */; };
		C63921301D2ED1DB0025CFEB /* Main.storyboard in Resources */ = {isa = PBXBuildFile; fileRef = C639212E1D2ED1DB0025CFEB /* Main.storyboard */; };
		C63921321D2ED1DB0025CFEB /* Assets.xcassets in Resources */ = {isa = PBXBuildFile; fileRef = C63921311D2ED1DB0025CFEB /* Assets.xcassets */; };
		C63921351D2ED1DB0025CFEB /* LaunchScreen.storyboard in Resources */ = {isa = PBXBuildFile; fileRef = C63921331D2ED1DB0025CFEB /* LaunchScreen.storyboard */; };
		C63921401D2ED1DB0025CFEB /* ClassfitteriOSTests.swift in Sources */ = {isa = PBXBuildFile; fileRef = C639213F1D2ED1DB0025CFEB /* ClassfitteriOSTests.swift */; };
		C639214B1D2ED1DC0025CFEB /* ClassfitteriOSUITests.swift in Sources */ = {isa = PBXBuildFile; fileRef = C639214A1D2ED1DC0025CFEB /* ClassfitteriOSUITests.swift */; };
		C66CC9851D6DFB6A00B9243D /* WorkingUIViewController.swift in Sources */ = {isa = PBXBuildFile; fileRef = C66CC9841D6DFB6A00B9243D /* WorkingUIViewController.swift */; };
		C66CC9871D6E024A00B9243D /* LockerRoomUIViewController.swift in Sources */ = {isa = PBXBuildFile; fileRef = C66CC9861D6E024A00B9243D /* LockerRoomUIViewController.swift */; };
		C66CC9891D6E13E300B9243D /* ResultsUIViewController.swift in Sources */ = {isa = PBXBuildFile; fileRef = C66CC9881D6E13E300B9243D /* ResultsUIViewController.swift */; };
		F58D5D55BEDDCA5D1CE3BFEA /* Pods_ClassfitteriOSUITests.framework in Frameworks */ = {isa = PBXBuildFile; fileRef = E2B65E3034E220286D573C8E /* Pods_ClassfitteriOSUITests.framework */; };
/* End PBXBuildFile section */

/* Begin PBXContainerItemProxy section */
		C639213C1D2ED1DB0025CFEB /* PBXContainerItemProxy */ = {
			isa = PBXContainerItemProxy;
			containerPortal = C639211D1D2ED1DB0025CFEB /* Project object */;
			proxyType = 1;
			remoteGlobalIDString = C63921241D2ED1DB0025CFEB;
			remoteInfo = ClassfitteriOS;
		};
		C63921471D2ED1DC0025CFEB /* PBXContainerItemProxy */ = {
			isa = PBXContainerItemProxy;
			containerPortal = C639211D1D2ED1DB0025CFEB /* Project object */;
			proxyType = 1;
			remoteGlobalIDString = C63921241D2ED1DB0025CFEB;
			remoteInfo = ClassfitteriOS;
		};
/* End PBXContainerItemProxy section */

/* Begin PBXFileReference section */
		07F67EB2FC7D1B75EE3D2CEB /* Pods-ClassfitteriOS.release.xcconfig */ = {isa = PBXFileReference; includeInIndex = 1; lastKnownFileType = text.xcconfig; name = "Pods-ClassfitteriOS.release.xcconfig"; path = "Pods/Target Support Files/Pods-ClassfitteriOS/Pods-ClassfitteriOS.release.xcconfig"; sourceTree = "<group>"; };
		33E3C41A7D20D437E5ECD7C1 /* Pods-ClassfitteriOSTests.release.xcconfig */ = {isa = PBXFileReference; includeInIndex = 1; lastKnownFileType = text.xcconfig; name = "Pods-ClassfitteriOSTests.release.xcconfig"; path = "Pods/Target Support Files/Pods-ClassfitteriOSTests/Pods-ClassfitteriOSTests.release.xcconfig"; sourceTree = "<group>"; };
		4F8D6C43C364A2F89EE9E4B1 /* Pods-ClassfitteriOSUITests.debug.xcconfig */ = {isa = PBXFileReference; includeInIndex = 1; lastKnownFileType = text.xcconfig; name = "Pods-ClassfitteriOSUITests.debug.xcconfig"; path = "Pods/Target Support Files/Pods-ClassfitteriOSUITests/Pods-ClassfitteriOSUITests.debug.xcconfig"; sourceTree = "<group>"; };
		69AE1A80AA805A89C1A7CA72 /* Pods-ClassfitteriOSUITests.release.xcconfig */ = {isa = PBXFileReference; includeInIndex = 1; lastKnownFileType = text.xcconfig; name = "Pods-ClassfitteriOSUITests.release.xcconfig"; path = "Pods/Target Support Files/Pods-ClassfitteriOSUITests/Pods-ClassfitteriOSUITests.release.xcconfig"; sourceTree = "<group>"; };
		6B38913A10513A2AC836BF1B /* Pods_ClassfitteriOS.framework */ = {isa = PBXFileReference; explicitFileType = wrapper.framework; includeInIndex = 0; path = Pods_ClassfitteriOS.framework; sourceTree = BUILT_PRODUCTS_DIR; };
		932EFD531D74768D00A8666D /* GoogleService-Info.plist */ = {isa = PBXFileReference; fileEncoding = 4; lastKnownFileType = text.plist.xml; path = "GoogleService-Info.plist"; sourceTree = SOURCE_ROOT; };
		932EFD551D7476B400A8666D /* FirebaseServiceAccount.json */ = {isa = PBXFileReference; fileEncoding = 4; lastKnownFileType = text.json; path = FirebaseServiceAccount.json; sourceTree = SOURCE_ROOT; };
		93312A0B1DA4132100AC4ECC /* AVCamPreview.swift */ = {isa = PBXFileReference; fileEncoding = 4; lastKnownFileType = sourcecode.swift; path = AVCamPreview.swift; sourceTree = "<group>"; };
		93312A0D1DA4180600AC4ECC /* CaptureController.swift */ = {isa = PBXFileReference; fileEncoding = 4; lastKnownFileType = sourcecode.swift; path = CaptureController.swift; sourceTree = "<group>"; };
		9352F1E61D738CEE00F87716 /* WelcomeUIViewController.swift */ = {isa = PBXFileReference; fileEncoding = 4; lastKnownFileType = sourcecode.swift; path = WelcomeUIViewController.swift; sourceTree = "<group>"; };
		9352F1EB1D74610300F87716 /* ClassfitteriOS_Bridging_Header.h */ = {isa = PBXFileReference; fileEncoding = 4; lastKnownFileType = sourcecode.c.h; path = ClassfitteriOS_Bridging_Header.h; sourceTree = SOURCE_ROOT; };
		93C0A6BB1D78BED100A07133 /* NewUserUIViewController.swift */ = {isa = PBXFileReference; fileEncoding = 4; lastKnownFileType = sourcecode.swift; path = NewUserUIViewController.swift; sourceTree = "<group>"; };
		96D1CAB2C91F9A3018A909F0 /* Pods_ClassfitteriOSTests.framework */ = {isa = PBXFileReference; explicitFileType = wrapper.framework; includeInIndex = 0; path = Pods_ClassfitteriOSTests.framework; sourceTree = BUILT_PRODUCTS_DIR; };
		A81F5B4BA6ED7277D5E49559 /* Pods-ClassfitteriOS.debug.xcconfig */ = {isa = PBXFileReference; includeInIndex = 1; lastKnownFileType = text.xcconfig; name = "Pods-ClassfitteriOS.debug.xcconfig"; path = "Pods/Target Support Files/Pods-ClassfitteriOS/Pods-ClassfitteriOS.debug.xcconfig"; sourceTree = "<group>"; };
		C63921251D2ED1DB0025CFEB /* Classfitter.app */ = {isa = PBXFileReference; explicitFileType = wrapper.application; includeInIndex = 0; path = Classfitter.app; sourceTree = BUILT_PRODUCTS_DIR; };
		C63921281D2ED1DB0025CFEB /* AppDelegate.swift */ = {isa = PBXFileReference; lastKnownFileType = sourcecode.swift; path = AppDelegate.swift; sourceTree = "<group>"; };
		C639212F1D2ED1DB0025CFEB /* Base */ = {isa = PBXFileReference; lastKnownFileType = file.storyboard; name = Base; path = Base.lproj/Main.storyboard; sourceTree = "<group>"; };
		C63921311D2ED1DB0025CFEB /* Assets.xcassets */ = {isa = PBXFileReference; lastKnownFileType = folder.assetcatalog; path = Assets.xcassets; sourceTree = "<group>"; };
		C63921341D2ED1DB0025CFEB /* Base */ = {isa = PBXFileReference; lastKnownFileType = file.storyboard; name = Base; path = Base.lproj/LaunchScreen.storyboard; sourceTree = "<group>"; };
		C63921361D2ED1DB0025CFEB /* Info.plist */ = {isa = PBXFileReference; lastKnownFileType = text.plist.xml; path = Info.plist; sourceTree = "<group>"; };
		C639213B1D2ED1DB0025CFEB /* ClassfitteriOSTests.xctest */ = {isa = PBXFileReference; explicitFileType = wrapper.cfbundle; includeInIndex = 0; path = ClassfitteriOSTests.xctest; sourceTree = BUILT_PRODUCTS_DIR; };
		C639213F1D2ED1DB0025CFEB /* ClassfitteriOSTests.swift */ = {isa = PBXFileReference; lastKnownFileType = sourcecode.swift; path = ClassfitteriOSTests.swift; sourceTree = "<group>"; };
		C63921411D2ED1DB0025CFEB /* Info.plist */ = {isa = PBXFileReference; lastKnownFileType = text.plist.xml; path = Info.plist; sourceTree = "<group>"; };
		C63921461D2ED1DC0025CFEB /* ClassfitteriOSUITests.xctest */ = {isa = PBXFileReference; explicitFileType = wrapper.cfbundle; includeInIndex = 0; path = ClassfitteriOSUITests.xctest; sourceTree = BUILT_PRODUCTS_DIR; };
		C639214A1D2ED1DC0025CFEB /* ClassfitteriOSUITests.swift */ = {isa = PBXFileReference; lastKnownFileType = sourcecode.swift; path = ClassfitteriOSUITests.swift; sourceTree = "<group>"; };
		C639214C1D2ED1DC0025CFEB /* Info.plist */ = {isa = PBXFileReference; lastKnownFileType = text.plist.xml; path = Info.plist; sourceTree = "<group>"; };
		C66CC9841D6DFB6A00B9243D /* WorkingUIViewController.swift */ = {isa = PBXFileReference; fileEncoding = 4; lastKnownFileType = sourcecode.swift; path = WorkingUIViewController.swift; sourceTree = "<group>"; };
		C66CC9861D6E024A00B9243D /* LockerRoomUIViewController.swift */ = {isa = PBXFileReference; fileEncoding = 4; lastKnownFileType = sourcecode.swift; path = LockerRoomUIViewController.swift; sourceTree = "<group>"; };
		C66CC9881D6E13E300B9243D /* ResultsUIViewController.swift */ = {isa = PBXFileReference; fileEncoding = 4; lastKnownFileType = sourcecode.swift; path = ResultsUIViewController.swift; sourceTree = "<group>"; };
		C66FD1371D7918C20032D584 /* Classfitter.entitlements */ = {isa = PBXFileReference; lastKnownFileType = text.plist.entitlements; path = Classfitter.entitlements; sourceTree = "<group>"; };
		D7B8CB6DE7299F5780C88266 /* Pods-ClassfitteriOSTests.debug.xcconfig */ = {isa = PBXFileReference; includeInIndex = 1; lastKnownFileType = text.xcconfig; name = "Pods-ClassfitteriOSTests.debug.xcconfig"; path = "Pods/Target Support Files/Pods-ClassfitteriOSTests/Pods-ClassfitteriOSTests.debug.xcconfig"; sourceTree = "<group>"; };
		E2B65E3034E220286D573C8E /* Pods_ClassfitteriOSUITests.framework */ = {isa = PBXFileReference; explicitFileType = wrapper.framework; includeInIndex = 0; path = Pods_ClassfitteriOSUITests.framework; sourceTree = BUILT_PRODUCTS_DIR; };
/* End PBXFileReference section */

/* Begin PBXFrameworksBuildPhase section */
		C63921221D2ED1DB0025CFEB /* Frameworks */ = {
			isa = PBXFrameworksBuildPhase;
			buildActionMask = 2147483647;
			files = (
				41CC25D314C1262D131BF945 /* Pods_ClassfitteriOS.framework in Frameworks */,
			);
			runOnlyForDeploymentPostprocessing = 0;
		};
		C63921381D2ED1DB0025CFEB /* Frameworks */ = {
			isa = PBXFrameworksBuildPhase;
			buildActionMask = 2147483647;
			files = (
				55B1083A38B0F01F54DCB844 /* Pods_ClassfitteriOSTests.framework in Frameworks */,
			);
			runOnlyForDeploymentPostprocessing = 0;
		};
		C63921431D2ED1DC0025CFEB /* Frameworks */ = {
			isa = PBXFrameworksBuildPhase;
			buildActionMask = 2147483647;
			files = (
				F58D5D55BEDDCA5D1CE3BFEA /* Pods_ClassfitteriOSUITests.framework in Frameworks */,
			);
			runOnlyForDeploymentPostprocessing = 0;
		};
/* End PBXFrameworksBuildPhase section */

/* Begin PBXGroup section */
		0CA6F4E027F176BBC1C1B52C /* Pods */ = {
			isa = PBXGroup;
			children = (
				A81F5B4BA6ED7277D5E49559 /* Pods-ClassfitteriOS.debug.xcconfig */,
				07F67EB2FC7D1B75EE3D2CEB /* Pods-ClassfitteriOS.release.xcconfig */,
				D7B8CB6DE7299F5780C88266 /* Pods-ClassfitteriOSTests.debug.xcconfig */,
				33E3C41A7D20D437E5ECD7C1 /* Pods-ClassfitteriOSTests.release.xcconfig */,
				4F8D6C43C364A2F89EE9E4B1 /* Pods-ClassfitteriOSUITests.debug.xcconfig */,
				69AE1A80AA805A89C1A7CA72 /* Pods-ClassfitteriOSUITests.release.xcconfig */,
			);
			name = Pods;
			sourceTree = "<group>";
		};
		4CF93307929D9B7E36F532C2 /* Frameworks */ = {
			isa = PBXGroup;
			children = (
				6B38913A10513A2AC836BF1B /* Pods_ClassfitteriOS.framework */,
				96D1CAB2C91F9A3018A909F0 /* Pods_ClassfitteriOSTests.framework */,
				E2B65E3034E220286D573C8E /* Pods_ClassfitteriOSUITests.framework */,
			);
			name = Frameworks;
			sourceTree = "<group>";
		};
		C62D98281D5F88B800CD8619 /* Supporting Files */ = {
			isa = PBXGroup;
			children = (
				C63921331D2ED1DB0025CFEB /* LaunchScreen.storyboard */,
				C63921281D2ED1DB0025CFEB /* AppDelegate.swift */,
				C63921311D2ED1DB0025CFEB /* Assets.xcassets */,
				C63921361D2ED1DB0025CFEB /* Info.plist */,
			);
			name = "Supporting Files";
			sourceTree = "<group>";
		};
		C639211C1D2ED1DB0025CFEB = {
			isa = PBXGroup;
			children = (
				C63921271D2ED1DB0025CFEB /* ClassfitteriOS */,
				C639213E1D2ED1DB0025CFEB /* ClassfitteriOSTests */,
				C63921491D2ED1DC0025CFEB /* ClassfitteriOSUITests */,
				C63921261D2ED1DB0025CFEB /* Products */,
				0CA6F4E027F176BBC1C1B52C /* Pods */,
				4CF93307929D9B7E36F532C2 /* Frameworks */,
			);
			sourceTree = "<group>";
		};
		C63921261D2ED1DB0025CFEB /* Products */ = {
			isa = PBXGroup;
			children = (
				C63921251D2ED1DB0025CFEB /* Classfitter.app */,
				C639213B1D2ED1DB0025CFEB /* ClassfitteriOSTests.xctest */,
				C63921461D2ED1DC0025CFEB /* ClassfitteriOSUITests.xctest */,
			);
			name = Products;
			sourceTree = "<group>";
		};
		C63921271D2ED1DB0025CFEB /* ClassfitteriOS */ = {
			isa = PBXGroup;
			children = (
				C66FD1371D7918C20032D584 /* Classfitter.entitlements */,
				93C0A6BB1D78BED100A07133 /* NewUserUIViewController.swift */,
				932EFD551D7476B400A8666D /* FirebaseServiceAccount.json */,
				932EFD531D74768D00A8666D /* GoogleService-Info.plist */,
				9352F1EB1D74610300F87716 /* ClassfitteriOS_Bridging_Header.h */,
				C62D98281D5F88B800CD8619 /* Supporting Files */,
				C639212E1D2ED1DB0025CFEB /* Main.storyboard */,
				C66CC9841D6DFB6A00B9243D /* WorkingUIViewController.swift */,
				C66CC9861D6E024A00B9243D /* LockerRoomUIViewController.swift */,
				C66CC9881D6E13E300B9243D /* ResultsUIViewController.swift */,
				9352F1E61D738CEE00F87716 /* WelcomeUIViewController.swift */,
				93312A0B1DA4132100AC4ECC /* AVCamPreview.swift */,
				93312A0D1DA4180600AC4ECC /* CaptureController.swift */,
			);
			path = ClassfitteriOS;
			sourceTree = "<group>";
		};
		C639213E1D2ED1DB0025CFEB /* ClassfitteriOSTests */ = {
			isa = PBXGroup;
			children = (
				C639213F1D2ED1DB0025CFEB /* ClassfitteriOSTests.swift */,
				C63921411D2ED1DB0025CFEB /* Info.plist */,
			);
			path = ClassfitteriOSTests;
			sourceTree = "<group>";
		};
		C63921491D2ED1DC0025CFEB /* ClassfitteriOSUITests */ = {
			isa = PBXGroup;
			children = (
				C639214A1D2ED1DC0025CFEB /* ClassfitteriOSUITests.swift */,
				C639214C1D2ED1DC0025CFEB /* Info.plist */,
			);
			path = ClassfitteriOSUITests;
			sourceTree = "<group>";
		};
/* End PBXGroup section */

/* Begin PBXNativeTarget section */
		C63921241D2ED1DB0025CFEB /* ClassfitteriOS */ = {
			isa = PBXNativeTarget;
			buildConfigurationList = C639214F1D2ED1DC0025CFEB /* Build configuration list for PBXNativeTarget "ClassfitteriOS" */;
			buildPhases = (
				944B2B73488F91FEA54AF866 /* [CP] Check Pods Manifest.lock */,
				C63921211D2ED1DB0025CFEB /* Sources */,
				C63921221D2ED1DB0025CFEB /* Frameworks */,
				C63921231D2ED1DB0025CFEB /* Resources */,
				F2889459355408C2B3B1B081 /* [CP] Embed Pods Frameworks */,
				EB6891C123BFD93A2B0AD4CE /* [CP] Copy Pods Resources */,
				9352F1EC1D74616D00F87716 /* Upload FirebaseServiceAccount.json symbols */,
			);
			buildRules = (
			);
			dependencies = (
			);
			name = ClassfitteriOS;
			productName = ClassfitteriOS;
			productReference = C63921251D2ED1DB0025CFEB /* Classfitter.app */;
			productType = "com.apple.product-type.application";
		};
		C639213A1D2ED1DB0025CFEB /* ClassfitteriOSTests */ = {
			isa = PBXNativeTarget;
			buildConfigurationList = C63921521D2ED1DC0025CFEB /* Build configuration list for PBXNativeTarget "ClassfitteriOSTests" */;
			buildPhases = (
				E751EBEBE6B032378A243774 /* [CP] Check Pods Manifest.lock */,
				C63921371D2ED1DB0025CFEB /* Sources */,
				C63921381D2ED1DB0025CFEB /* Frameworks */,
				C63921391D2ED1DB0025CFEB /* Resources */,
				325DD29FC9E8BF6BBD5997C4 /* [CP] Embed Pods Frameworks */,
				9CE25D0ADBAEBB50A086BC95 /* [CP] Copy Pods Resources */,
			);
			buildRules = (
			);
			dependencies = (
				C639213D1D2ED1DB0025CFEB /* PBXTargetDependency */,
			);
			name = ClassfitteriOSTests;
			productName = ClassfitteriOSTests;
			productReference = C639213B1D2ED1DB0025CFEB /* ClassfitteriOSTests.xctest */;
			productType = "com.apple.product-type.bundle.unit-test";
		};
		C63921451D2ED1DC0025CFEB /* ClassfitteriOSUITests */ = {
			isa = PBXNativeTarget;
			buildConfigurationList = C63921551D2ED1DC0025CFEB /* Build configuration list for PBXNativeTarget "ClassfitteriOSUITests" */;
			buildPhases = (
				677D35429B4C2C11B102ECF7 /* [CP] Check Pods Manifest.lock */,
				C63921421D2ED1DC0025CFEB /* Sources */,
				C63921431D2ED1DC0025CFEB /* Frameworks */,
				C63921441D2ED1DC0025CFEB /* Resources */,
				93964F9A1D7F3721007838FC /* [CP] Embed Pods Frameworks */,
				4313CAFDC23B1601D1EFF66B /* [CP] Copy Pods Resources */,
			);
			buildRules = (
			);
			dependencies = (
				C63921481D2ED1DC0025CFEB /* PBXTargetDependency */,
			);
			name = ClassfitteriOSUITests;
			productName = ClassfitteriOSUITests;
			productReference = C63921461D2ED1DC0025CFEB /* ClassfitteriOSUITests.xctest */;
			productType = "com.apple.product-type.bundle.ui-testing";
		};
/* End PBXNativeTarget section */

/* Begin PBXProject section */
		C639211D1D2ED1DB0025CFEB /* Project object */ = {
			isa = PBXProject;
			attributes = {
				LastUpgradeCheck = 0800;
				ORGANIZATIONNAME = "James Wood";
				TargetAttributes = {
					C63921241D2ED1DB0025CFEB = {
						CreatedOnToolsVersion = 7.0.1;
						DevelopmentTeam = TQYB6VJLUN;
						LastSwiftMigration = 0800;
						ProvisioningStyle = Manual;
						SystemCapabilities = {
							com.apple.Keychain = {
								enabled = 1;
							};
							com.apple.Push = {
								enabled = 1;
							};
						};
					};
					C639213A1D2ED1DB0025CFEB = {
						CreatedOnToolsVersion = 7.0.1;
						LastSwiftMigration = 0800;
						ProvisioningStyle = Automatic;
						TestTargetID = C63921241D2ED1DB0025CFEB;
					};
					C63921451D2ED1DC0025CFEB = {
						CreatedOnToolsVersion = 7.0.1;
						DevelopmentTeam = TQYB6VJLUN;
						LastSwiftMigration = 0800;
						ProvisioningStyle = Manual;
						TestTargetID = C63921241D2ED1DB0025CFEB;
					};
				};
			};
			buildConfigurationList = C63921201D2ED1DB0025CFEB /* Build configuration list for PBXProject "ClassfitteriOS" */;
			compatibilityVersion = "Xcode 3.2";
			developmentRegion = English;
			hasScannedForEncodings = 0;
			knownRegions = (
				en,
				Base,
			);
			mainGroup = C639211C1D2ED1DB0025CFEB;
			productRefGroup = C63921261D2ED1DB0025CFEB /* Products */;
			projectDirPath = "";
			projectRoot = "";
			targets = (
				C63921241D2ED1DB0025CFEB /* ClassfitteriOS */,
				C639213A1D2ED1DB0025CFEB /* ClassfitteriOSTests */,
				C63921451D2ED1DC0025CFEB /* ClassfitteriOSUITests */,
			);
		};
/* End PBXProject section */

/* Begin PBXResourcesBuildPhase section */
		C63921231D2ED1DB0025CFEB /* Resources */ = {
			isa = PBXResourcesBuildPhase;
			buildActionMask = 2147483647;
			files = (
				C63921351D2ED1DB0025CFEB /* LaunchScreen.storyboard in Resources */,
				932EFD561D7476B400A8666D /* FirebaseServiceAccount.json in Resources */,
				932EFD541D74768D00A8666D /* GoogleService-Info.plist in Resources */,
				C63921321D2ED1DB0025CFEB /* Assets.xcassets in Resources */,
				C63921301D2ED1DB0025CFEB /* Main.storyboard in Resources */,
			);
			runOnlyForDeploymentPostprocessing = 0;
		};
		C63921391D2ED1DB0025CFEB /* Resources */ = {
			isa = PBXResourcesBuildPhase;
			buildActionMask = 2147483647;
			files = (
			);
			runOnlyForDeploymentPostprocessing = 0;
		};
		C63921441D2ED1DC0025CFEB /* Resources */ = {
			isa = PBXResourcesBuildPhase;
			buildActionMask = 2147483647;
			files = (
			);
			runOnlyForDeploymentPostprocessing = 0;
		};
/* End PBXResourcesBuildPhase section */

/* Begin PBXShellScriptBuildPhase section */
		325DD29FC9E8BF6BBD5997C4 /* [CP] Embed Pods Frameworks */ = {
			isa = PBXShellScriptBuildPhase;
			buildActionMask = 2147483647;
			files = (
			);
			inputPaths = (
			);
			name = "[CP] Embed Pods Frameworks";
			outputPaths = (
			);
			runOnlyForDeploymentPostprocessing = 0;
			shellPath = /bin/sh;
			shellScript = "\"${SRCROOT}/Pods/Target Support Files/Pods-ClassfitteriOSTests/Pods-ClassfitteriOSTests-frameworks.sh\"\n";
			showEnvVarsInLog = 0;
		};
		4313CAFDC23B1601D1EFF66B /* [CP] Copy Pods Resources */ = {
			isa = PBXShellScriptBuildPhase;
			buildActionMask = 2147483647;
			files = (
			);
			inputPaths = (
			);
			name = "[CP] Copy Pods Resources";
			outputPaths = (
			);
			runOnlyForDeploymentPostprocessing = 0;
			shellPath = /bin/sh;
			shellScript = "\"${SRCROOT}/Pods/Target Support Files/Pods-ClassfitteriOSUITests/Pods-ClassfitteriOSUITests-resources.sh\"\n";
			showEnvVarsInLog = 0;
		};
		677D35429B4C2C11B102ECF7 /* [CP] Check Pods Manifest.lock */ = {
			isa = PBXShellScriptBuildPhase;
			buildActionMask = 2147483647;
			files = (
			);
			inputPaths = (
			);
			name = "[CP] Check Pods Manifest.lock";
			outputPaths = (
			);
			runOnlyForDeploymentPostprocessing = 0;
			shellPath = /bin/sh;
			shellScript = "diff \"${PODS_ROOT}/../Podfile.lock\" \"${PODS_ROOT}/Manifest.lock\" > /dev/null\nif [[ $? != 0 ]] ; then\n    cat << EOM\nerror: The sandbox is not in sync with the Podfile.lock. Run 'pod install' or update your CocoaPods installation.\nEOM\n    exit 1\nfi\n";
			showEnvVarsInLog = 0;
		};
		9352F1EC1D74616D00F87716 /* Upload FirebaseServiceAccount.json symbols */ = {
			isa = PBXShellScriptBuildPhase;
			buildActionMask = 2147483647;
			files = (
			);
			inputPaths = (
			);
			name = "Upload FirebaseServiceAccount.json symbols";
			outputPaths = (
			);
			runOnlyForDeploymentPostprocessing = 0;
			shellPath = /bin/sh;
			shellScript = ": \"${GOOGLE_APP_ID:?There must be a GOOGLE_APP_ID environment variable set}\"\n\"${PODS_ROOT}\"/FirebaseCrash/upload-sym \"FirebaseServiceAccount.json\"";
		};
		93964F9A1D7F3721007838FC /* [CP] Embed Pods Frameworks */ = {
			isa = PBXShellScriptBuildPhase;
			buildActionMask = 2147483647;
			files = (
			);
			inputPaths = (
			);
			name = "[CP] Embed Pods Frameworks";
			outputPaths = (
			);
			runOnlyForDeploymentPostprocessing = 0;
			shellPath = /bin/sh;
			shellScript = "\"${SRCROOT}/Pods/Target Support Files/Pods-ClassfitteriOSUITests/Pods-ClassfitteriOSUITests-frameworks.sh\"";
			showEnvVarsInLog = 0;
		};
		944B2B73488F91FEA54AF866 /* [CP] Check Pods Manifest.lock */ = {
			isa = PBXShellScriptBuildPhase;
			buildActionMask = 2147483647;
			files = (
			);
			inputPaths = (
			);
			name = "[CP] Check Pods Manifest.lock";
			outputPaths = (
			);
			runOnlyForDeploymentPostprocessing = 0;
			shellPath = /bin/sh;
			shellScript = "diff \"${PODS_ROOT}/../Podfile.lock\" \"${PODS_ROOT}/Manifest.lock\" > /dev/null\nif [[ $? != 0 ]] ; then\n    cat << EOM\nerror: The sandbox is not in sync with the Podfile.lock. Run 'pod install' or update your CocoaPods installation.\nEOM\n    exit 1\nfi\n";
			showEnvVarsInLog = 0;
		};
		9CE25D0ADBAEBB50A086BC95 /* [CP] Copy Pods Resources */ = {
			isa = PBXShellScriptBuildPhase;
			buildActionMask = 2147483647;
			files = (
			);
			inputPaths = (
			);
			name = "[CP] Copy Pods Resources";
			outputPaths = (
			);
			runOnlyForDeploymentPostprocessing = 0;
			shellPath = /bin/sh;
			shellScript = "\"${SRCROOT}/Pods/Target Support Files/Pods-ClassfitteriOSTests/Pods-ClassfitteriOSTests-resources.sh\"\n";
			showEnvVarsInLog = 0;
		};
		E751EBEBE6B032378A243774 /* [CP] Check Pods Manifest.lock */ = {
			isa = PBXShellScriptBuildPhase;
			buildActionMask = 2147483647;
			files = (
			);
			inputPaths = (
			);
			name = "[CP] Check Pods Manifest.lock";
			outputPaths = (
			);
			runOnlyForDeploymentPostprocessing = 0;
			shellPath = /bin/sh;
			shellScript = "diff \"${PODS_ROOT}/../Podfile.lock\" \"${PODS_ROOT}/Manifest.lock\" > /dev/null\nif [[ $? != 0 ]] ; then\n    cat << EOM\nerror: The sandbox is not in sync with the Podfile.lock. Run 'pod install' or update your CocoaPods installation.\nEOM\n    exit 1\nfi\n";
			showEnvVarsInLog = 0;
		};
		EB6891C123BFD93A2B0AD4CE /* [CP] Copy Pods Resources */ = {
			isa = PBXShellScriptBuildPhase;
			buildActionMask = 2147483647;
			files = (
			);
			inputPaths = (
			);
			name = "[CP] Copy Pods Resources";
			outputPaths = (
			);
			runOnlyForDeploymentPostprocessing = 0;
			shellPath = /bin/sh;
			shellScript = "\"${SRCROOT}/Pods/Target Support Files/Pods-ClassfitteriOS/Pods-ClassfitteriOS-resources.sh\"\n";
			showEnvVarsInLog = 0;
		};
		F2889459355408C2B3B1B081 /* [CP] Embed Pods Frameworks */ = {
			isa = PBXShellScriptBuildPhase;
			buildActionMask = 2147483647;
			files = (
			);
			inputPaths = (
			);
			name = "[CP] Embed Pods Frameworks";
			outputPaths = (
			);
			runOnlyForDeploymentPostprocessing = 0;
			shellPath = /bin/sh;
			shellScript = "\"${SRCROOT}/Pods/Target Support Files/Pods-ClassfitteriOS/Pods-ClassfitteriOS-frameworks.sh\"\n";
			showEnvVarsInLog = 0;
		};
/* End PBXShellScriptBuildPhase section */

/* Begin PBXSourcesBuildPhase section */
		C63921211D2ED1DB0025CFEB /* Sources */ = {
			isa = PBXSourcesBuildPhase;
			buildActionMask = 2147483647;
			files = (
				93312A0E1DA4180600AC4ECC /* CaptureController.swift in Sources */,
				9352F1E71D738CEE00F87716 /* WelcomeUIViewController.swift in Sources */,
				C66CC9851D6DFB6A00B9243D /* WorkingUIViewController.swift in Sources */,
				C66CC9871D6E024A00B9243D /* LockerRoomUIViewController.swift in Sources */,
				C63921291D2ED1DB0025CFEB /* AppDelegate.swift in Sources */,
				93C0A6BC1D78BED100A07133 /* NewUserUIViewController.swift in Sources */,
				C66CC9891D6E13E300B9243D /* ResultsUIViewController.swift in Sources */,
				93312A0C1DA4132100AC4ECC /* AVCamPreview.swift in Sources */,
			);
			runOnlyForDeploymentPostprocessing = 0;
		};
		C63921371D2ED1DB0025CFEB /* Sources */ = {
			isa = PBXSourcesBuildPhase;
			buildActionMask = 2147483647;
			files = (
				C63921401D2ED1DB0025CFEB /* ClassfitteriOSTests.swift in Sources */,
			);
			runOnlyForDeploymentPostprocessing = 0;
		};
		C63921421D2ED1DC0025CFEB /* Sources */ = {
			isa = PBXSourcesBuildPhase;
			buildActionMask = 2147483647;
			files = (
				C639214B1D2ED1DC0025CFEB /* ClassfitteriOSUITests.swift in Sources */,
			);
			runOnlyForDeploymentPostprocessing = 0;
		};
/* End PBXSourcesBuildPhase section */

/* Begin PBXTargetDependency section */
		C639213D1D2ED1DB0025CFEB /* PBXTargetDependency */ = {
			isa = PBXTargetDependency;
			target = C63921241D2ED1DB0025CFEB /* ClassfitteriOS */;
			targetProxy = C639213C1D2ED1DB0025CFEB /* PBXContainerItemProxy */;
		};
		C63921481D2ED1DC0025CFEB /* PBXTargetDependency */ = {
			isa = PBXTargetDependency;
			target = C63921241D2ED1DB0025CFEB /* ClassfitteriOS */;
			targetProxy = C63921471D2ED1DC0025CFEB /* PBXContainerItemProxy */;
		};
/* End PBXTargetDependency section */

/* Begin PBXVariantGroup section */
		C639212E1D2ED1DB0025CFEB /* Main.storyboard */ = {
			isa = PBXVariantGroup;
			children = (
				C639212F1D2ED1DB0025CFEB /* Base */,
			);
			name = Main.storyboard;
			sourceTree = "<group>";
		};
		C63921331D2ED1DB0025CFEB /* LaunchScreen.storyboard */ = {
			isa = PBXVariantGroup;
			children = (
				C63921341D2ED1DB0025CFEB /* Base */,
			);
			name = LaunchScreen.storyboard;
			sourceTree = "<group>";
		};
/* End PBXVariantGroup section */

/* Begin XCBuildConfiguration section */
		C639214D1D2ED1DC0025CFEB /* Debug */ = {
			isa = XCBuildConfiguration;
			buildSettings = {
				ALWAYS_SEARCH_USER_PATHS = NO;
				CLANG_CXX_LANGUAGE_STANDARD = "gnu++0x";
				CLANG_CXX_LIBRARY = "libc++";
				CLANG_ENABLE_MODULES = YES;
				CLANG_ENABLE_OBJC_ARC = YES;
				CLANG_WARN_BOOL_CONVERSION = YES;
				CLANG_WARN_CONSTANT_CONVERSION = YES;
				CLANG_WARN_DIRECT_OBJC_ISA_USAGE = YES_ERROR;
				CLANG_WARN_EMPTY_BODY = YES;
				CLANG_WARN_ENUM_CONVERSION = YES;
				CLANG_WARN_INFINITE_RECURSION = YES;
				CLANG_WARN_INT_CONVERSION = YES;
				CLANG_WARN_OBJC_ROOT_CLASS = YES_ERROR;
				CLANG_WARN_SUSPICIOUS_MOVE = YES;
				CLANG_WARN_UNREACHABLE_CODE = YES;
				CLANG_WARN__DUPLICATE_METHOD_MATCH = YES;
				"CODE_SIGN_IDENTITY[sdk=iphoneos*]" = "iPhone Developer";
				COPY_PHASE_STRIP = NO;
				DEBUG_INFORMATION_FORMAT = dwarf;
				ENABLE_STRICT_OBJC_MSGSEND = YES;
				ENABLE_TESTABILITY = YES;
				GCC_C_LANGUAGE_STANDARD = gnu99;
				GCC_DYNAMIC_NO_PIC = NO;
				GCC_NO_COMMON_BLOCKS = YES;
				GCC_OPTIMIZATION_LEVEL = 0;
				GCC_PREPROCESSOR_DEFINITIONS = (
					"DEBUG=1",
					"$(inherited)",
				);
				GCC_WARN_64_TO_32_BIT_CONVERSION = YES;
				GCC_WARN_ABOUT_RETURN_TYPE = YES_ERROR;
				GCC_WARN_UNDECLARED_SELECTOR = YES;
				GCC_WARN_UNINITIALIZED_AUTOS = YES_AGGRESSIVE;
				GCC_WARN_UNUSED_FUNCTION = YES;
				GCC_WARN_UNUSED_VARIABLE = YES;
				IPHONEOS_DEPLOYMENT_TARGET = 9.0;
				MTL_ENABLE_DEBUG_INFO = YES;
				ONLY_ACTIVE_ARCH = YES;
				SDKROOT = iphoneos;
				SWIFT_OPTIMIZATION_LEVEL = "-Onone";
				TARGETED_DEVICE_FAMILY = "1,2";
			};
			name = Debug;
		};
		C639214E1D2ED1DC0025CFEB /* Release */ = {
			isa = XCBuildConfiguration;
			buildSettings = {
				ALWAYS_SEARCH_USER_PATHS = NO;
				CLANG_CXX_LANGUAGE_STANDARD = "gnu++0x";
				CLANG_CXX_LIBRARY = "libc++";
				CLANG_ENABLE_MODULES = YES;
				CLANG_ENABLE_OBJC_ARC = YES;
				CLANG_WARN_BOOL_CONVERSION = YES;
				CLANG_WARN_CONSTANT_CONVERSION = YES;
				CLANG_WARN_DIRECT_OBJC_ISA_USAGE = YES_ERROR;
				CLANG_WARN_EMPTY_BODY = YES;
				CLANG_WARN_ENUM_CONVERSION = YES;
				CLANG_WARN_INFINITE_RECURSION = YES;
				CLANG_WARN_INT_CONVERSION = YES;
				CLANG_WARN_OBJC_ROOT_CLASS = YES_ERROR;
				CLANG_WARN_SUSPICIOUS_MOVE = YES;
				CLANG_WARN_UNREACHABLE_CODE = YES;
				CLANG_WARN__DUPLICATE_METHOD_MATCH = YES;
				"CODE_SIGN_IDENTITY[sdk=iphoneos*]" = "iPhone Developer";
				COPY_PHASE_STRIP = NO;
				DEBUG_INFORMATION_FORMAT = "dwarf-with-dsym";
				ENABLE_NS_ASSERTIONS = NO;
				ENABLE_STRICT_OBJC_MSGSEND = YES;
				GCC_C_LANGUAGE_STANDARD = gnu99;
				GCC_NO_COMMON_BLOCKS = YES;
				GCC_WARN_64_TO_32_BIT_CONVERSION = YES;
				GCC_WARN_ABOUT_RETURN_TYPE = YES_ERROR;
				GCC_WARN_UNDECLARED_SELECTOR = YES;
				GCC_WARN_UNINITIALIZED_AUTOS = YES_AGGRESSIVE;
				GCC_WARN_UNUSED_FUNCTION = YES;
				GCC_WARN_UNUSED_VARIABLE = YES;
				IPHONEOS_DEPLOYMENT_TARGET = 9.0;
				MTL_ENABLE_DEBUG_INFO = NO;
				SDKROOT = iphoneos;
				SWIFT_OPTIMIZATION_LEVEL = "-Owholemodule";
				TARGETED_DEVICE_FAMILY = "1,2";
				VALIDATE_PRODUCT = YES;
			};
			name = Release;
		};
		C63921501D2ED1DC0025CFEB /* Debug */ = {
			isa = XCBuildConfiguration;
			baseConfigurationReference = A81F5B4BA6ED7277D5E49559 /* Pods-ClassfitteriOS.debug.xcconfig */;
			buildSettings = {
				ALWAYS_EMBED_SWIFT_STANDARD_LIBRARIES = YES;
				ASSETCATALOG_COMPILER_APPICON_NAME = AppIcon;
				CODE_SIGN_ENTITLEMENTS = ClassfitteriOS/Classfitter.entitlements;
				CODE_SIGN_IDENTITY = "iPhone Developer";
				"CODE_SIGN_IDENTITY[sdk=iphoneos*]" = "iPhone Developer";
				CODE_SIGN_RESOURCE_RULES_PATH = "";
				DEVELOPMENT_TEAM = TQYB6VJLUN;
				GCC_PREPROCESSOR_DEFINITIONS = (
					"$(inherited)",
					"COCOAPODS=1",
					"GOOGLE_APP_ID=$(GOOGLE_APP_ID)",
				);
				GOOGLE_APP_ID = "GOOGLE_APP_ID=1:1096116560042:ios:bc5a416402e93b61";
				INFOPLIST_FILE = ClassfitteriOS/Info.plist;
				IPHONEOS_DEPLOYMENT_TARGET = 10.0;
				LD_RUNPATH_SEARCH_PATHS = "$(inherited) @executable_path/Frameworks";
				PRODUCT_BUNDLE_IDENTIFIER = "com.podaon.ios-development";
				PRODUCT_NAME = Classfitter;
				PROVISIONING_PROFILE = "076973d4-5796-4aa4-87b2-63eaf17278d1";
				PROVISIONING_PROFILE_SPECIFIER = "podaon-development-debug";
				SWIFT_OBJC_BRIDGING_HEADER = ClassfitteriOS_Bridging_Header.h;
				SWIFT_VERSION = 3.0;
			};
			name = Debug;
		};
		C63921511D2ED1DC0025CFEB /* Release */ = {
			isa = XCBuildConfiguration;
			baseConfigurationReference = 07F67EB2FC7D1B75EE3D2CEB /* Pods-ClassfitteriOS.release.xcconfig */;
			buildSettings = {
				ALWAYS_EMBED_SWIFT_STANDARD_LIBRARIES = YES;
				ASSETCATALOG_COMPILER_APPICON_NAME = AppIcon;
				CODE_SIGN_ENTITLEMENTS = ClassfitteriOS/Classfitter.entitlements;
				CODE_SIGN_IDENTITY = "iPhone Developer";
				"CODE_SIGN_IDENTITY[sdk=iphoneos*]" = "iPhone Distribution";
				CODE_SIGN_RESOURCE_RULES_PATH = "";
				DEVELOPMENT_TEAM = TQYB6VJLUN;
				GCC_PREPROCESSOR_DEFINITIONS = (
					"$(inherited)",
					"COCOAPODS=1",
					"GOOGLE_APP_ID=$(GOOGLE_APP_ID)",
				);
				GOOGLE_APP_ID = "GOOGLE_APP_ID=1:1096116560042:ios:bc5a416402e93b61";
				INFOPLIST_FILE = ClassfitteriOS/Info.plist;
				IPHONEOS_DEPLOYMENT_TARGET = 10.0;
				LD_RUNPATH_SEARCH_PATHS = "$(inherited) @executable_path/Frameworks";
				PRODUCT_BUNDLE_IDENTIFIER = "com.podaon.ios-development";
				PRODUCT_NAME = Classfitter;
				PROVISIONING_PROFILE = "bfaac6b9-7cb7-4856-8c7c-36b44ea788ef";
				PROVISIONING_PROFILE_SPECIFIER = "podaon-development-release";
				SWIFT_OBJC_BRIDGING_HEADER = ClassfitteriOS_Bridging_Header.h;
				SWIFT_VERSION = 3.0;
			};
			name = Release;
		};
		C63921531D2ED1DC0025CFEB /* Debug */ = {
			isa = XCBuildConfiguration;
			baseConfigurationReference = D7B8CB6DE7299F5780C88266 /* Pods-ClassfitteriOSTests.debug.xcconfig */;
			buildSettings = {
				BUNDLE_LOADER = "$(TEST_HOST)";
				"BUNDLE_LOADER[arch=*]" = "$(TEST_HOST)";
				"CODE_SIGN_IDENTITY[sdk=iphoneos*]" = "iPhone Developer";
				CURRENT_PROJECT_VERSION = 0;
				DEVELOPMENT_TEAM = "";
				INFOPLIST_FILE = ClassfitteriOSTests/Info.plist;
				IPHONEOS_DEPLOYMENT_TARGET = 10.0;
				LD_RUNPATH_SEARCH_PATHS = "$(inherited) @executable_path/Frameworks @loader_path/Frameworks";
				PRODUCT_BUNDLE_IDENTIFIER = Classfitter.ClassfitteriOSTests;
				PRODUCT_NAME = "$(TARGET_NAME)";
				SWIFT_VERSION = 3.0;
				TEST_HOST = "$(BUILT_PRODUCTS_DIR)/Classfitter.app/Classfitter";
				VERSIONING_SYSTEM = "apple-generic";
			};
			name = Debug;
		};
		C63921541D2ED1DC0025CFEB /* Release */ = {
			isa = XCBuildConfiguration;
			baseConfigurationReference = 33E3C41A7D20D437E5ECD7C1 /* Pods-ClassfitteriOSTests.release.xcconfig */;
			buildSettings = {
				BUNDLE_LOADER = "$(TEST_HOST)";
				"CODE_SIGN_IDENTITY[sdk=iphoneos*]" = "iPhone Developer";
				CURRENT_PROJECT_VERSION = 0;
				DEVELOPMENT_TEAM = "";
				INFOPLIST_FILE = ClassfitteriOSTests/Info.plist;
				IPHONEOS_DEPLOYMENT_TARGET = 10.0;
				LD_RUNPATH_SEARCH_PATHS = "$(inherited) @executable_path/Frameworks @loader_path/Frameworks";
				PRODUCT_BUNDLE_IDENTIFIER = Classfitter.ClassfitteriOSTests;
				PRODUCT_NAME = "$(TARGET_NAME)";
				SWIFT_VERSION = 3.0;
				TEST_HOST = "$(BUILT_PRODUCTS_DIR)/Classfitter.app/Classfitter";
				VERSIONING_SYSTEM = "apple-generic";
			};
			name = Release;
		};
		C63921561D2ED1DC0025CFEB /* Debug */ = {
			isa = XCBuildConfiguration;
			baseConfigurationReference = 4F8D6C43C364A2F89EE9E4B1 /* Pods-ClassfitteriOSUITests.debug.xcconfig */;
			buildSettings = {
				"CODE_SIGN_IDENTITY[sdk=iphoneos*]" = "iPhone Developer";
				DEVELOPMENT_TEAM = TQYB6VJLUN;
				FRAMEWORK_SEARCH_PATHS = (
					"$(inherited)",
					"\"$PODS_CONFIGURATION_BUILD_DIR/PromiseKit\"",
					"\"$PODS_CONFIGURATION_BUILD_DIR/RxSwift\"",
					"\"$PODS_CONFIGURATION_BUILD_DIR/Swinject\"",
					"\"$PODS_CONFIGURATION_BUILD_DIR/**",
				);
				HEADER_SEARCH_PATHS = (
					"$(inherited)",
					"\"${PODS_ROOT}/Headers/Public\"",
					"\"${PODS_ROOT}/Headers/Public/Firebase\"",
					"\"${PODS_ROOT}/Headers/Public/FirebaseAnalytics\"",
					"\"${PODS_ROOT}/Headers/Public/FirebaseAuth\"",
					"\"${PODS_ROOT}/Headers/Public/FirebaseCrash\"",
					"\"${PODS_ROOT}/Headers/Public/FirebaseDatabase\"",
					"\"${PODS_ROOT}/Headers/Public/FirebaseInstanceID\"",
					"\"${PODS_ROOT}/Headers/Public/FirebaseMessaging\"",
					"\"${PODS_ROOT}/Headers/Public/GoogleIPhoneUtilities\"",
					"\"${PODS_ROOT}/Headers/Public/GoogleInterchangeUtilities\"",
					"\"${PODS_ROOT}/Headers/Public/GoogleNetworkingUtilities\"",
					"\"${PODS_ROOT}/Headers/Public/GoogleParsingUtilities\"",
					"\"${PODS_ROOT}/Headers/Public/GoogleSymbolUtilities\"",
					"\"${PODS_ROOT}/Headers/Public/GoogleUtilities\"",
				);
				INFOPLIST_FILE = ClassfitteriOSUITests/Info.plist;
				IPHONEOS_DEPLOYMENT_TARGET = 10.0;
				LD_RUNPATH_SEARCH_PATHS = "$(inherited) @executable_path/Frameworks @loader_path/Frameworks";
				PRODUCT_BUNDLE_IDENTIFIER = Classfitter.ClassfitteriOSUITests;
				PRODUCT_NAME = "$(TARGET_NAME)";
				PROVISIONING_PROFILE = "8b4a7c51-62a0-4913-a559-ce78f191fb82";
				PROVISIONING_PROFILE_SPECIFIER = UITests;
				SWIFT_VERSION = 3.0;
				TEST_TARGET_NAME = ClassfitteriOS;
				USES_XCTRUNNER = YES;
			};
			name = Debug;
		};
		C63921571D2ED1DC0025CFEB /* Release */ = {
			isa = XCBuildConfiguration;
			baseConfigurationReference = 69AE1A80AA805A89C1A7CA72 /* Pods-ClassfitteriOSUITests.release.xcconfig */;
			buildSettings = {
				"CODE_SIGN_IDENTITY[sdk=iphoneos*]" = "iPhone Developer";
				DEVELOPMENT_TEAM = TQYB6VJLUN;
				HEADER_SEARCH_PATHS = (
					"$(inherited)",
					"\"${PODS_ROOT}/Headers/Public\"",
					"\"${PODS_ROOT}/Headers/Public/Firebase\"",
					"\"${PODS_ROOT}/Headers/Public/FirebaseAnalytics\"",
					"\"${PODS_ROOT}/Headers/Public/FirebaseAuth\"",
					"\"${PODS_ROOT}/Headers/Public/FirebaseCrash\"",
					"\"${PODS_ROOT}/Headers/Public/FirebaseDatabase\"",
					"\"${PODS_ROOT}/Headers/Public/FirebaseInstanceID\"",
					"\"${PODS_ROOT}/Headers/Public/FirebaseMessaging\"",
					"\"${PODS_ROOT}/Headers/Public/GoogleIPhoneUtilities\"",
					"\"${PODS_ROOT}/Headers/Public/GoogleInterchangeUtilities\"",
					"\"${PODS_ROOT}/Headers/Public/GoogleNetworkingUtilities\"",
					"\"${PODS_ROOT}/Headers/Public/GoogleParsingUtilities\"",
					"\"${PODS_ROOT}/Headers/Public/GoogleSymbolUtilities\"",
					"\"${PODS_ROOT}/Headers/Public/GoogleUtilities\"",
				);
				INFOPLIST_FILE = ClassfitteriOSUITests/Info.plist;
				IPHONEOS_DEPLOYMENT_TARGET = 10.0;
				LD_RUNPATH_SEARCH_PATHS = "$(inherited) @executable_path/Frameworks @loader_path/Frameworks";
				PRODUCT_BUNDLE_IDENTIFIER = Classfitter.ClassfitteriOSUITests;
				PRODUCT_NAME = "$(TARGET_NAME)";
				PROVISIONING_PROFILE = "03d07eb6-09ae-4931-829a-4029615c32a0";
				PROVISIONING_PROFILE_SPECIFIER = UITests;
				SWIFT_VERSION = 3.0;
				TEST_TARGET_NAME = ClassfitteriOS;
				USES_XCTRUNNER = YES;
			};
			name = Release;
		};
/* End XCBuildConfiguration section */

/* Begin XCConfigurationList section */
		C63921201D2ED1DB0025CFEB /* Build configuration list for PBXProject "ClassfitteriOS" */ = {
			isa = XCConfigurationList;
			buildConfigurations = (
				C639214D1D2ED1DC0025CFEB /* Debug */,
				C639214E1D2ED1DC0025CFEB /* Release */,
			);
			defaultConfigurationIsVisible = 0;
			defaultConfigurationName = Release;
		};
		C639214F1D2ED1DC0025CFEB /* Build configuration list for PBXNativeTarget "ClassfitteriOS" */ = {
			isa = XCConfigurationList;
			buildConfigurations = (
				C63921501D2ED1DC0025CFEB /* Debug */,
				C63921511D2ED1DC0025CFEB /* Release */,
			);
			defaultConfigurationIsVisible = 0;
			defaultConfigurationName = Release;
		};
		C63921521D2ED1DC0025CFEB /* Build configuration list for PBXNativeTarget "ClassfitteriOSTests" */ = {
			isa = XCConfigurationList;
			buildConfigurations = (
				C63921531D2ED1DC0025CFEB /* Debug */,
				C63921541D2ED1DC0025CFEB /* Release */,
			);
			defaultConfigurationIsVisible = 0;
			defaultConfigurationName = Release;
		};
		C63921551D2ED1DC0025CFEB /* Build configuration list for PBXNativeTarget "ClassfitteriOSUITests" */ = {
			isa = XCConfigurationList;
			buildConfigurations = (
				C63921561D2ED1DC0025CFEB /* Debug */,
				C63921571D2ED1DC0025CFEB /* Release */,
			);
			defaultConfigurationIsVisible = 0;
			defaultConfigurationName = Release;
		};
/* End XCConfigurationList section */
	};
	rootObject = C639211D1D2ED1DB0025CFEB /* Project object */;
}
